// !$*UTF8*$!
{
	archiveVersion = 1;
	classes = {
	};
	objectVersion = 56;
	objects = {

/* Begin PBXBuildFile section */
		EFAC6A9329B26D9F001FC1F5 /* ToDoApp_cloneApp.swift in Sources */ = {isa = PBXBuildFile; fileRef = EFAC6A9229B26D9F001FC1F5 /* ToDoApp_cloneApp.swift */; };
		EFAC6A9529B26D9F001FC1F5 /* ContentView.swift in Sources */ = {isa = PBXBuildFile; fileRef = EFAC6A9429B26D9F001FC1F5 /* ContentView.swift */; };
		EFAC6A9729B26DA0001FC1F5 /* Assets.xcassets in Resources */ = {isa = PBXBuildFile; fileRef = EFAC6A9629B26DA0001FC1F5 /* Assets.xcassets */; };
		EFAC6A9A29B26DA0001FC1F5 /* Preview Assets.xcassets in Resources */ = {isa = PBXBuildFile; fileRef = EFAC6A9929B26DA0001FC1F5 /* Preview Assets.xcassets */; };
		EFAC6A9C29B26DA0001FC1F5 /* Persistence.swift in Sources */ = {isa = PBXBuildFile; fileRef = EFAC6A9B29B26DA0001FC1F5 /* Persistence.swift */; };
		EFAC6A9F29B26DA0001FC1F5 /* ToDoApp_clone.xcdatamodeld in Sources */ = {isa = PBXBuildFile; fileRef = EFAC6A9D29B26DA0001FC1F5 /* ToDoApp_clone.xcdatamodeld */; };
		EFAC6AA929B26DA1001FC1F5 /* ToDoApp_cloneTests.swift in Sources */ = {isa = PBXBuildFile; fileRef = EFAC6AA829B26DA1001FC1F5 /* ToDoApp_cloneTests.swift */; };
		EFAC6AB329B26DA1001FC1F5 /* ToDoApp_cloneUITests.swift in Sources */ = {isa = PBXBuildFile; fileRef = EFAC6AB229B26DA1001FC1F5 /* ToDoApp_cloneUITests.swift */; };
		EFAC6AB529B26DA1001FC1F5 /* ToDoApp_cloneUITestsLaunchTests.swift in Sources */ = {isa = PBXBuildFile; fileRef = EFAC6AB429B26DA1001FC1F5 /* ToDoApp_cloneUITestsLaunchTests.swift */; };
		EFAC6AC229B27207001FC1F5 /* EmptyStateView.swift in Sources */ = {isa = PBXBuildFile; fileRef = EFAC6AC129B27207001FC1F5 /* EmptyStateView.swift */; };
		EFAC6AC429B2736D001FC1F5 /* BackgroundView.swift in Sources */ = {isa = PBXBuildFile; fileRef = EFAC6AC329B2736C001FC1F5 /* BackgroundView.swift */; };
		EFD0197029B27E61005770C5 /* NewTaskView.swift in Sources */ = {isa = PBXBuildFile; fileRef = EFD0196F29B27E61005770C5 /* NewTaskView.swift */; };
		EFD0197229B28B6A005770C5 /* TextFieldView.swift in Sources */ = {isa = PBXBuildFile; fileRef = EFD0197129B28B6A005770C5 /* TextFieldView.swift */; };
/* End PBXBuildFile section */

/* Begin PBXContainerItemProxy section */
		EFAC6AA529B26DA1001FC1F5 /* PBXContainerItemProxy */ = {
			isa = PBXContainerItemProxy;
			containerPortal = EFAC6A8729B26D9E001FC1F5 /* Project object */;
			proxyType = 1;
			remoteGlobalIDString = EFAC6A8E29B26D9E001FC1F5;
			remoteInfo = "ToDoApp-clone";
		};
		EFAC6AAF29B26DA1001FC1F5 /* PBXContainerItemProxy */ = {
			isa = PBXContainerItemProxy;
			containerPortal = EFAC6A8729B26D9E001FC1F5 /* Project object */;
			proxyType = 1;
			remoteGlobalIDString = EFAC6A8E29B26D9E001FC1F5;
			remoteInfo = "ToDoApp-clone";
		};
/* End PBXContainerItemProxy section */

/* Begin PBXFileReference section */
		EFAC6A8F29B26D9E001FC1F5 /* ToDoApp-clone.app */ = {isa = PBXFileReference; explicitFileType = wrapper.application; includeInIndex = 0; path = "ToDoApp-clone.app"; sourceTree = BUILT_PRODUCTS_DIR; };
		EFAC6A9229B26D9F001FC1F5 /* ToDoApp_cloneApp.swift */ = {isa = PBXFileReference; lastKnownFileType = sourcecode.swift; path = ToDoApp_cloneApp.swift; sourceTree = "<group>"; };
		EFAC6A9429B26D9F001FC1F5 /* ContentView.swift */ = {isa = PBXFileReference; lastKnownFileType = sourcecode.swift; path = ContentView.swift; sourceTree = "<group>"; };
		EFAC6A9629B26DA0001FC1F5 /* Assets.xcassets */ = {isa = PBXFileReference; lastKnownFileType = folder.assetcatalog; path = Assets.xcassets; sourceTree = "<group>"; };
		EFAC6A9929B26DA0001FC1F5 /* Preview Assets.xcassets */ = {isa = PBXFileReference; lastKnownFileType = folder.assetcatalog; path = "Preview Assets.xcassets"; sourceTree = "<group>"; };
		EFAC6A9B29B26DA0001FC1F5 /* Persistence.swift */ = {isa = PBXFileReference; lastKnownFileType = sourcecode.swift; path = Persistence.swift; sourceTree = "<group>"; };
		EFAC6A9E29B26DA0001FC1F5 /* ToDoApp_clone.xcdatamodel */ = {isa = PBXFileReference; lastKnownFileType = wrapper.xcdatamodel; path = ToDoApp_clone.xcdatamodel; sourceTree = "<group>"; };
		EFAC6AA429B26DA1001FC1F5 /* ToDoApp-cloneTests.xctest */ = {isa = PBXFileReference; explicitFileType = wrapper.cfbundle; includeInIndex = 0; path = "ToDoApp-cloneTests.xctest"; sourceTree = BUILT_PRODUCTS_DIR; };
		EFAC6AA829B26DA1001FC1F5 /* ToDoApp_cloneTests.swift */ = {isa = PBXFileReference; lastKnownFileType = sourcecode.swift; path = ToDoApp_cloneTests.swift; sourceTree = "<group>"; };
		EFAC6AAE29B26DA1001FC1F5 /* ToDoApp-cloneUITests.xctest */ = {isa = PBXFileReference; explicitFileType = wrapper.cfbundle; includeInIndex = 0; path = "ToDoApp-cloneUITests.xctest"; sourceTree = BUILT_PRODUCTS_DIR; };
		EFAC6AB229B26DA1001FC1F5 /* ToDoApp_cloneUITests.swift */ = {isa = PBXFileReference; lastKnownFileType = sourcecode.swift; path = ToDoApp_cloneUITests.swift; sourceTree = "<group>"; };
		EFAC6AB429B26DA1001FC1F5 /* ToDoApp_cloneUITestsLaunchTests.swift */ = {isa = PBXFileReference; lastKnownFileType = sourcecode.swift; path = ToDoApp_cloneUITestsLaunchTests.swift; sourceTree = "<group>"; };
		EFAC6AC129B27207001FC1F5 /* EmptyStateView.swift */ = {isa = PBXFileReference; lastKnownFileType = sourcecode.swift; path = EmptyStateView.swift; sourceTree = "<group>"; };
		EFAC6AC329B2736C001FC1F5 /* BackgroundView.swift */ = {isa = PBXFileReference; lastKnownFileType = sourcecode.swift; path = BackgroundView.swift; sourceTree = "<group>"; };
		EFD0196F29B27E61005770C5 /* NewTaskView.swift */ = {isa = PBXFileReference; lastKnownFileType = sourcecode.swift; path = NewTaskView.swift; sourceTree = "<group>"; };
		EFD0197129B28B6A005770C5 /* TextFieldView.swift */ = {isa = PBXFileReference; lastKnownFileType = sourcecode.swift; path = TextFieldView.swift; sourceTree = "<group>"; };
/* End PBXFileReference section */

/* Begin PBXFrameworksBuildPhase section */
		EFAC6A8C29B26D9E001FC1F5 /* Frameworks */ = {
			isa = PBXFrameworksBuildPhase;
			buildActionMask = 2147483647;
			files = (
			);
			runOnlyForDeploymentPostprocessing = 0;
		};
		EFAC6AA129B26DA1001FC1F5 /* Frameworks */ = {
			isa = PBXFrameworksBuildPhase;
			buildActionMask = 2147483647;
			files = (
			);
			runOnlyForDeploymentPostprocessing = 0;
		};
		EFAC6AAB29B26DA1001FC1F5 /* Frameworks */ = {
			isa = PBXFrameworksBuildPhase;
			buildActionMask = 2147483647;
			files = (
			);
			runOnlyForDeploymentPostprocessing = 0;
		};
/* End PBXFrameworksBuildPhase section */

/* Begin PBXGroup section */
		EFAC6A8629B26D9E001FC1F5 = {
			isa = PBXGroup;
			children = (
				EFAC6A9129B26D9E001FC1F5 /* ToDoApp-clone */,
				EFAC6AA729B26DA1001FC1F5 /* ToDoApp-cloneTests */,
				EFAC6AB129B26DA1001FC1F5 /* ToDoApp-cloneUITests */,
				EFAC6A9029B26D9E001FC1F5 /* Products */,
			);
			sourceTree = "<group>";
		};
		EFAC6A9029B26D9E001FC1F5 /* Products */ = {
			isa = PBXGroup;
			children = (
				EFAC6A8F29B26D9E001FC1F5 /* ToDoApp-clone.app */,
				EFAC6AA429B26DA1001FC1F5 /* ToDoApp-cloneTests.xctest */,
				EFAC6AAE29B26DA1001FC1F5 /* ToDoApp-cloneUITests.xctest */,
			);
			name = Products;
			sourceTree = "<group>";
		};
		EFAC6A9129B26D9E001FC1F5 /* ToDoApp-clone */ = {
			isa = PBXGroup;
			children = (
				EFAC6AC529B27C74001FC1F5 /* View */,
				EFAC6A9229B26D9F001FC1F5 /* ToDoApp_cloneApp.swift */,
				EFAC6A9429B26D9F001FC1F5 /* ContentView.swift */,
				EFAC6A9629B26DA0001FC1F5 /* Assets.xcassets */,
				EFAC6A9B29B26DA0001FC1F5 /* Persistence.swift */,
				EFAC6A9D29B26DA0001FC1F5 /* ToDoApp_clone.xcdatamodeld */,
				EFAC6A9829B26DA0001FC1F5 /* Preview Content */,
			);
			path = "ToDoApp-clone";
			sourceTree = "<group>";
		};
		EFAC6A9829B26DA0001FC1F5 /* Preview Content */ = {
			isa = PBXGroup;
			children = (
				EFAC6A9929B26DA0001FC1F5 /* Preview Assets.xcassets */,
			);
			path = "Preview Content";
			sourceTree = "<group>";
		};
		EFAC6AA729B26DA1001FC1F5 /* ToDoApp-cloneTests */ = {
			isa = PBXGroup;
			children = (
				EFAC6AA829B26DA1001FC1F5 /* ToDoApp_cloneTests.swift */,
			);
			path = "ToDoApp-cloneTests";
			sourceTree = "<group>";
		};
		EFAC6AB129B26DA1001FC1F5 /* ToDoApp-cloneUITests */ = {
			isa = PBXGroup;
			children = (
				EFAC6AB229B26DA1001FC1F5 /* ToDoApp_cloneUITests.swift */,
				EFAC6AB429B26DA1001FC1F5 /* ToDoApp_cloneUITestsLaunchTests.swift */,
			);
			path = "ToDoApp-cloneUITests";
			sourceTree = "<group>";
		};
		EFAC6AC529B27C74001FC1F5 /* View */ = {
			isa = PBXGroup;
			children = (
				EFAC6AC329B2736C001FC1F5 /* BackgroundView.swift */,
				EFAC6AC129B27207001FC1F5 /* EmptyStateView.swift */,
				EFD0196F29B27E61005770C5 /* NewTaskView.swift */,
				EFD0197129B28B6A005770C5 /* TextFieldView.swift */,
			);
			path = View;
			sourceTree = "<group>";
		};
/* End PBXGroup section */

/* Begin PBXNativeTarget section */
		EFAC6A8E29B26D9E001FC1F5 /* ToDoApp-clone */ = {
			isa = PBXNativeTarget;
			buildConfigurationList = EFAC6AB829B26DA1001FC1F5 /* Build configuration list for PBXNativeTarget "ToDoApp-clone" */;
			buildPhases = (
				EFAC6A8B29B26D9E001FC1F5 /* Sources */,
				EFAC6A8C29B26D9E001FC1F5 /* Frameworks */,
				EFAC6A8D29B26D9E001FC1F5 /* Resources */,
			);
			buildRules = (
			);
			dependencies = (
			);
			name = "ToDoApp-clone";
			productName = "ToDoApp-clone";
			productReference = EFAC6A8F29B26D9E001FC1F5 /* ToDoApp-clone.app */;
			productType = "com.apple.product-type.application";
		};
		EFAC6AA329B26DA1001FC1F5 /* ToDoApp-cloneTests */ = {
			isa = PBXNativeTarget;
			buildConfigurationList = EFAC6ABB29B26DA1001FC1F5 /* Build configuration list for PBXNativeTarget "ToDoApp-cloneTests" */;
			buildPhases = (
				EFAC6AA029B26DA1001FC1F5 /* Sources */,
				EFAC6AA129B26DA1001FC1F5 /* Frameworks */,
				EFAC6AA229B26DA1001FC1F5 /* Resources */,
			);
			buildRules = (
			);
			dependencies = (
				EFAC6AA629B26DA1001FC1F5 /* PBXTargetDependency */,
			);
			name = "ToDoApp-cloneTests";
			productName = "ToDoApp-cloneTests";
			productReference = EFAC6AA429B26DA1001FC1F5 /* ToDoApp-cloneTests.xctest */;
			productType = "com.apple.product-type.bundle.unit-test";
		};
		EFAC6AAD29B26DA1001FC1F5 /* ToDoApp-cloneUITests */ = {
			isa = PBXNativeTarget;
			buildConfigurationList = EFAC6ABE29B26DA1001FC1F5 /* Build configuration list for PBXNativeTarget "ToDoApp-cloneUITests" */;
			buildPhases = (
				EFAC6AAA29B26DA1001FC1F5 /* Sources */,
				EFAC6AAB29B26DA1001FC1F5 /* Frameworks */,
				EFAC6AAC29B26DA1001FC1F5 /* Resources */,
			);
			buildRules = (
			);
			dependencies = (
				EFAC6AB029B26DA1001FC1F5 /* PBXTargetDependency */,
			);
			name = "ToDoApp-cloneUITests";
			productName = "ToDoApp-cloneUITests";
			productReference = EFAC6AAE29B26DA1001FC1F5 /* ToDoApp-cloneUITests.xctest */;
			productType = "com.apple.product-type.bundle.ui-testing";
		};
/* End PBXNativeTarget section */

/* Begin PBXProject section */
		EFAC6A8729B26D9E001FC1F5 /* Project object */ = {
			isa = PBXProject;
			attributes = {
				BuildIndependentTargetsInParallel = 1;
				LastSwiftUpdateCheck = 1420;
				LastUpgradeCheck = 1420;
				TargetAttributes = {
					EFAC6A8E29B26D9E001FC1F5 = {
						CreatedOnToolsVersion = 14.2;
					};
					EFAC6AA329B26DA1001FC1F5 = {
						CreatedOnToolsVersion = 14.2;
						TestTargetID = EFAC6A8E29B26D9E001FC1F5;
					};
					EFAC6AAD29B26DA1001FC1F5 = {
						CreatedOnToolsVersion = 14.2;
						TestTargetID = EFAC6A8E29B26D9E001FC1F5;
					};
				};
			};
			buildConfigurationList = EFAC6A8A29B26D9E001FC1F5 /* Build configuration list for PBXProject "ToDoApp-clone" */;
			compatibilityVersion = "Xcode 14.0";
			developmentRegion = en;
			hasScannedForEncodings = 0;
			knownRegions = (
				en,
				Base,
			);
			mainGroup = EFAC6A8629B26D9E001FC1F5;
			productRefGroup = EFAC6A9029B26D9E001FC1F5 /* Products */;
			projectDirPath = "";
			projectRoot = "";
			targets = (
				EFAC6A8E29B26D9E001FC1F5 /* ToDoApp-clone */,
				EFAC6AA329B26DA1001FC1F5 /* ToDoApp-cloneTests */,
				EFAC6AAD29B26DA1001FC1F5 /* ToDoApp-cloneUITests */,
			);
		};
/* End PBXProject section */

/* Begin PBXResourcesBuildPhase section */
		EFAC6A8D29B26D9E001FC1F5 /* Resources */ = {
			isa = PBXResourcesBuildPhase;
			buildActionMask = 2147483647;
			files = (
				EFAC6A9A29B26DA0001FC1F5 /* Preview Assets.xcassets in Resources */,
				EFAC6A9729B26DA0001FC1F5 /* Assets.xcassets in Resources */,
			);
			runOnlyForDeploymentPostprocessing = 0;
		};
		EFAC6AA229B26DA1001FC1F5 /* Resources */ = {
			isa = PBXResourcesBuildPhase;
			buildActionMask = 2147483647;
			files = (
			);
			runOnlyForDeploymentPostprocessing = 0;
		};
		EFAC6AAC29B26DA1001FC1F5 /* Resources */ = {
			isa = PBXResourcesBuildPhase;
			buildActionMask = 2147483647;
			files = (
			);
			runOnlyForDeploymentPostprocessing = 0;
		};
/* End PBXResourcesBuildPhase section */

/* Begin PBXSourcesBuildPhase section */
		EFAC6A8B29B26D9E001FC1F5 /* Sources */ = {
			isa = PBXSourcesBuildPhase;
			buildActionMask = 2147483647;
			files = (
				EFAC6AC429B2736D001FC1F5 /* BackgroundView.swift in Sources */,
				EFD0197029B27E61005770C5 /* NewTaskView.swift in Sources */,
				EFD0197229B28B6A005770C5 /* TextFieldView.swift in Sources */,
				EFAC6A9C29B26DA0001FC1F5 /* Persistence.swift in Sources */,
				EFAC6A9F29B26DA0001FC1F5 /* ToDoApp_clone.xcdatamodeld in Sources */,
				EFAC6AC229B27207001FC1F5 /* EmptyStateView.swift in Sources */,
				EFAC6A9529B26D9F001FC1F5 /* ContentView.swift in Sources */,
				EFAC6A9329B26D9F001FC1F5 /* ToDoApp_cloneApp.swift in Sources */,
			);
			runOnlyForDeploymentPostprocessing = 0;
		};
		EFAC6AA029B26DA1001FC1F5 /* Sources */ = {
			isa = PBXSourcesBuildPhase;
			buildActionMask = 2147483647;
			files = (
				EFAC6AA929B26DA1001FC1F5 /* ToDoApp_cloneTests.swift in Sources */,
			);
			runOnlyForDeploymentPostprocessing = 0;
		};
		EFAC6AAA29B26DA1001FC1F5 /* Sources */ = {
			isa = PBXSourcesBuildPhase;
			buildActionMask = 2147483647;
			files = (
				EFAC6AB529B26DA1001FC1F5 /* ToDoApp_cloneUITestsLaunchTests.swift in Sources */,
				EFAC6AB329B26DA1001FC1F5 /* ToDoApp_cloneUITests.swift in Sources */,
			);
			runOnlyForDeploymentPostprocessing = 0;
		};
/* End PBXSourcesBuildPhase section */

/* Begin PBXTargetDependency section */
		EFAC6AA629B26DA1001FC1F5 /* PBXTargetDependency */ = {
			isa = PBXTargetDependency;
			target = EFAC6A8E29B26D9E001FC1F5 /* ToDoApp-clone */;
			targetProxy = EFAC6AA529B26DA1001FC1F5 /* PBXContainerItemProxy */;
		};
		EFAC6AB029B26DA1001FC1F5 /* PBXTargetDependency */ = {
			isa = PBXTargetDependency;
			target = EFAC6A8E29B26D9E001FC1F5 /* ToDoApp-clone */;
			targetProxy = EFAC6AAF29B26DA1001FC1F5 /* PBXContainerItemProxy */;
		};
/* End PBXTargetDependency section */

/* Begin XCBuildConfiguration section */
		EFAC6AB629B26DA1001FC1F5 /* Debug */ = {
			isa = XCBuildConfiguration;
			buildSettings = {
				ALWAYS_SEARCH_USER_PATHS = NO;
				CLANG_ANALYZER_NONNULL = YES;
				CLANG_ANALYZER_NUMBER_OBJECT_CONVERSION = YES_AGGRESSIVE;
				CLANG_CXX_LANGUAGE_STANDARD = "gnu++20";
				CLANG_ENABLE_MODULES = YES;
				CLANG_ENABLE_OBJC_ARC = YES;
				CLANG_ENABLE_OBJC_WEAK = YES;
				CLANG_WARN_BLOCK_CAPTURE_AUTORELEASING = YES;
				CLANG_WARN_BOOL_CONVERSION = YES;
				CLANG_WARN_COMMA = YES;
				CLANG_WARN_CONSTANT_CONVERSION = YES;
				CLANG_WARN_DEPRECATED_OBJC_IMPLEMENTATIONS = YES;
				CLANG_WARN_DIRECT_OBJC_ISA_USAGE = YES_ERROR;
				CLANG_WARN_DOCUMENTATION_COMMENTS = YES;
				CLANG_WARN_EMPTY_BODY = YES;
				CLANG_WARN_ENUM_CONVERSION = YES;
				CLANG_WARN_INFINITE_RECURSION = YES;
				CLANG_WARN_INT_CONVERSION = YES;
				CLANG_WARN_NON_LITERAL_NULL_CONVERSION = YES;
				CLANG_WARN_OBJC_IMPLICIT_RETAIN_SELF = YES;
				CLANG_WARN_OBJC_LITERAL_CONVERSION = YES;
				CLANG_WARN_OBJC_ROOT_CLASS = YES_ERROR;
				CLANG_WARN_QUOTED_INCLUDE_IN_FRAMEWORK_HEADER = YES;
				CLANG_WARN_RANGE_LOOP_ANALYSIS = YES;
				CLANG_WARN_STRICT_PROTOTYPES = YES;
				CLANG_WARN_SUSPICIOUS_MOVE = YES;
				CLANG_WARN_UNGUARDED_AVAILABILITY = YES_AGGRESSIVE;
				CLANG_WARN_UNREACHABLE_CODE = YES;
				CLANG_WARN__DUPLICATE_METHOD_MATCH = YES;
				COPY_PHASE_STRIP = NO;
				DEBUG_INFORMATION_FORMAT = dwarf;
				ENABLE_STRICT_OBJC_MSGSEND = YES;
				ENABLE_TESTABILITY = YES;
				GCC_C_LANGUAGE_STANDARD = gnu11;
				GCC_DYNAMIC_NO_PIC = NO;
				GCC_NO_COMMON_BLOCKS = YES;
				GCC_OPTIMIZATION_LEVEL = 0;
				GCC_PREPROCESSOR_DEFINITIONS = (
					"DEBUG=1",
					"$(inherited)",
				);
				GCC_WARN_64_TO_32_BIT_CONVERSION = YES;
				GCC_WARN_ABOUT_RETURN_TYPE = YES_ERROR;
				GCC_WARN_UNDECLARED_SELECTOR = YES;
				GCC_WARN_UNINITIALIZED_AUTOS = YES_AGGRESSIVE;
				GCC_WARN_UNUSED_FUNCTION = YES;
				GCC_WARN_UNUSED_VARIABLE = YES;
				IPHONEOS_DEPLOYMENT_TARGET = 16.2;
				MTL_ENABLE_DEBUG_INFO = INCLUDE_SOURCE;
				MTL_FAST_MATH = YES;
				ONLY_ACTIVE_ARCH = YES;
				SDKROOT = iphoneos;
				SWIFT_ACTIVE_COMPILATION_CONDITIONS = DEBUG;
				SWIFT_OPTIMIZATION_LEVEL = "-Onone";
			};
			name = Debug;
		};
		EFAC6AB729B26DA1001FC1F5 /* Release */ = {
			isa = XCBuildConfiguration;
			buildSettings = {
				ALWAYS_SEARCH_USER_PATHS = NO;
				CLANG_ANALYZER_NONNULL = YES;
				CLANG_ANALYZER_NUMBER_OBJECT_CONVERSION = YES_AGGRESSIVE;
				CLANG_CXX_LANGUAGE_STANDARD = "gnu++20";
				CLANG_ENABLE_MODULES = YES;
				CLANG_ENABLE_OBJC_ARC = YES;
				CLANG_ENABLE_OBJC_WEAK = YES;
				CLANG_WARN_BLOCK_CAPTURE_AUTORELEASING = YES;
				CLANG_WARN_BOOL_CONVERSION = YES;
				CLANG_WARN_COMMA = YES;
				CLANG_WARN_CONSTANT_CONVERSION = YES;
				CLANG_WARN_DEPRECATED_OBJC_IMPLEMENTATIONS = YES;
				CLANG_WARN_DIRECT_OBJC_ISA_USAGE = YES_ERROR;
				CLANG_WARN_DOCUMENTATION_COMMENTS = YES;
				CLANG_WARN_EMPTY_BODY = YES;
				CLANG_WARN_ENUM_CONVERSION = YES;
				CLANG_WARN_INFINITE_RECURSION = YES;
				CLANG_WARN_INT_CONVERSION = YES;
				CLANG_WARN_NON_LITERAL_NULL_CONVERSION = YES;
				CLANG_WARN_OBJC_IMPLICIT_RETAIN_SELF = YES;
				CLANG_WARN_OBJC_LITERAL_CONVERSION = YES;
				CLANG_WARN_OBJC_ROOT_CLASS = YES_ERROR;
				CLANG_WARN_QUOTED_INCLUDE_IN_FRAMEWORK_HEADER = YES;
				CLANG_WARN_RANGE_LOOP_ANALYSIS = YES;
				CLANG_WARN_STRICT_PROTOTYPES = YES;
				CLANG_WARN_SUSPICIOUS_MOVE = YES;
				CLANG_WARN_UNGUARDED_AVAILABILITY = YES_AGGRESSIVE;
				CLANG_WARN_UNREACHABLE_CODE = YES;
				CLANG_WARN__DUPLICATE_METHOD_MATCH = YES;
				COPY_PHASE_STRIP = NO;
				DEBUG_INFORMATION_FORMAT = "dwarf-with-dsym";
				ENABLE_NS_ASSERTIONS = NO;
				ENABLE_STRICT_OBJC_MSGSEND = YES;
				GCC_C_LANGUAGE_STANDARD = gnu11;
				GCC_NO_COMMON_BLOCKS = YES;
				GCC_WARN_64_TO_32_BIT_CONVERSION = YES;
				GCC_WARN_ABOUT_RETURN_TYPE = YES_ERROR;
				GCC_WARN_UNDECLARED_SELECTOR = YES;
				GCC_WARN_UNINITIALIZED_AUTOS = YES_AGGRESSIVE;
				GCC_WARN_UNUSED_FUNCTION = YES;
				GCC_WARN_UNUSED_VARIABLE = YES;
				IPHONEOS_DEPLOYMENT_TARGET = 16.2;
				MTL_ENABLE_DEBUG_INFO = NO;
				MTL_FAST_MATH = YES;
				SDKROOT = iphoneos;
				SWIFT_COMPILATION_MODE = wholemodule;
				SWIFT_OPTIMIZATION_LEVEL = "-O";
				VALIDATE_PRODUCT = YES;
			};
			name = Release;
		};
		EFAC6AB929B26DA1001FC1F5 /* Debug */ = {
			isa = XCBuildConfiguration;
			buildSettings = {
				ASSETCATALOG_COMPILER_APPICON_NAME = AppIcon;
				ASSETCATALOG_COMPILER_GLOBAL_ACCENT_COLOR_NAME = AccentColor;
				CODE_SIGN_STYLE = Automatic;
				CURRENT_PROJECT_VERSION = 1;
				DEVELOPMENT_ASSET_PATHS = "\"ToDoApp-clone/Preview Content\"";
				DEVELOPMENT_TEAM = Z924NYN8MX;
				ENABLE_PREVIEWS = YES;
				GENERATE_INFOPLIST_FILE = YES;
				INFOPLIST_KEY_UIApplicationSceneManifest_Generation = YES;
				INFOPLIST_KEY_UIApplicationSupportsIndirectInputEvents = YES;
				INFOPLIST_KEY_UILaunchScreen_Generation = YES;
				INFOPLIST_KEY_UISupportedInterfaceOrientations_iPad = "UIInterfaceOrientationPortrait UIInterfaceOrientationPortraitUpsideDown UIInterfaceOrientationLandscapeLeft UIInterfaceOrientationLandscapeRight";
				INFOPLIST_KEY_UISupportedInterfaceOrientations_iPhone = "UIInterfaceOrientationPortrait UIInterfaceOrientationLandscapeLeft UIInterfaceOrientationLandscapeRight";
				LD_RUNPATH_SEARCH_PATHS = (
					"$(inherited)",
					"@executable_path/Frameworks",
				);
				MARKETING_VERSION = 1.0;
				PRODUCT_BUNDLE_IDENTIFIER = "com.aliamanvermez.ToDoApp-clone";
				PRODUCT_NAME = "$(TARGET_NAME)";
				SWIFT_EMIT_LOC_STRINGS = YES;
				SWIFT_VERSION = 5.0;
				TARGETED_DEVICE_FAMILY = "1,2";
			};
			name = Debug;
		};
		EFAC6ABA29B26DA1001FC1F5 /* Release */ = {
			isa = XCBuildConfiguration;
			buildSettings = {
				ASSETCATALOG_COMPILER_APPICON_NAME = AppIcon;
				ASSETCATALOG_COMPILER_GLOBAL_ACCENT_COLOR_NAME = AccentColor;
				CODE_SIGN_STYLE = Automatic;
				CURRENT_PROJECT_VERSION = 1;
				DEVELOPMENT_ASSET_PATHS = "\"ToDoApp-clone/Preview Content\"";
				DEVELOPMENT_TEAM = Z924NYN8MX;
				ENABLE_PREVIEWS = YES;
				GENERATE_INFOPLIST_FILE = YES;
				INFOPLIST_KEY_UIApplicationSceneManifest_Generation = YES;
				INFOPLIST_KEY_UIApplicationSupportsIndirectInputEvents = YES;
				INFOPLIST_KEY_UILaunchScreen_Generation = YES;
				INFOPLIST_KEY_UISupportedInterfaceOrientations_iPad = "UIInterfaceOrientationPortrait UIInterfaceOrientationPortraitUpsideDown UIInterfaceOrientationLandscapeLeft UIInterfaceOrientationLandscapeRight";
				INFOPLIST_KEY_UISupportedInterfaceOrientations_iPhone = "UIInterfaceOrientationPortrait UIInterfaceOrientationLandscapeLeft UIInterfaceOrientationLandscapeRight";
				LD_RUNPATH_SEARCH_PATHS = (
					"$(inherited)",
					"@executable_path/Frameworks",
				);
				MARKETING_VERSION = 1.0;
				PRODUCT_BUNDLE_IDENTIFIER = "com.aliamanvermez.ToDoApp-clone";
				PRODUCT_NAME = "$(TARGET_NAME)";
				SWIFT_EMIT_LOC_STRINGS = YES;
				SWIFT_VERSION = 5.0;
				TARGETED_DEVICE_FAMILY = "1,2";
			};
			name = Release;
		};
		EFAC6ABC29B26DA1001FC1F5 /* Debug */ = {
			isa = XCBuildConfiguration;
			buildSettings = {
				ALWAYS_EMBED_SWIFT_STANDARD_LIBRARIES = YES;
				BUNDLE_LOADER = "$(TEST_HOST)";
				CODE_SIGN_STYLE = Automatic;
				CURRENT_PROJECT_VERSION = 1;
				DEVELOPMENT_TEAM = Z924NYN8MX;
				GENERATE_INFOPLIST_FILE = YES;
				IPHONEOS_DEPLOYMENT_TARGET = 16.2;
				MARKETING_VERSION = 1.0;
				PRODUCT_BUNDLE_IDENTIFIER = "com.aliamanvermez.ToDoApp-cloneTests";
				PRODUCT_NAME = "$(TARGET_NAME)";
				SWIFT_EMIT_LOC_STRINGS = NO;
				SWIFT_VERSION = 5.0;
				TARGETED_DEVICE_FAMILY = "1,2";
				TEST_HOST = "$(BUILT_PRODUCTS_DIR)/ToDoApp-clone.app/$(BUNDLE_EXECUTABLE_FOLDER_PATH)/ToDoApp-clone";
			};
			name = Debug;
		};
		EFAC6ABD29B26DA1001FC1F5 /* Release */ = {
			isa = XCBuildConfiguration;
			buildSettings = {
				ALWAYS_EMBED_SWIFT_STANDARD_LIBRARIES = YES;
				BUNDLE_LOADER = "$(TEST_HOST)";
				CODE_SIGN_STYLE = Automatic;
				CURRENT_PROJECT_VERSION = 1;
				DEVELOPMENT_TEAM = Z924NYN8MX;
				GENERATE_INFOPLIST_FILE = YES;
				IPHONEOS_DEPLOYMENT_TARGET = 16.2;
				MARKETING_VERSION = 1.0;
				PRODUCT_BUNDLE_IDENTIFIER = "com.aliamanvermez.ToDoApp-cloneTests";
				PRODUCT_NAME = "$(TARGET_NAME)";
				SWIFT_EMIT_LOC_STRINGS = NO;
				SWIFT_VERSION = 5.0;
				TARGETED_DEVICE_FAMILY = "1,2";
				TEST_HOST = "$(BUILT_PRODUCTS_DIR)/ToDoApp-clone.app/$(BUNDLE_EXECUTABLE_FOLDER_PATH)/ToDoApp-clone";
			};
			name = Release;
		};
		EFAC6ABF29B26DA1001FC1F5 /* Debug */ = {
			isa = XCBuildConfiguration;
			buildSettings = {
				ALWAYS_EMBED_SWIFT_STANDARD_LIBRARIES = YES;
				CODE_SIGN_STYLE = Automatic;
				CURRENT_PROJECT_VERSION = 1;
				DEVELOPMENT_TEAM = Z924NYN8MX;
				GENERATE_INFOPLIST_FILE = YES;
				MARKETING_VERSION = 1.0;
				PRODUCT_BUNDLE_IDENTIFIER = "com.aliamanvermez.ToDoApp-cloneUITests";
				PRODUCT_NAME = "$(TARGET_NAME)";
				SWIFT_EMIT_LOC_STRINGS = NO;
				SWIFT_VERSION = 5.0;
				TARGETED_DEVICE_FAMILY = "1,2";
				TEST_TARGET_NAME = "ToDoApp-clone";
			};
			name = Debug;
		};
		EFAC6AC029B26DA1001FC1F5 /* Release */ = {
			isa = XCBuildConfiguration;
			buildSettings = {
				ALWAYS_EMBED_SWIFT_STANDARD_LIBRARIES = YES;
				CODE_SIGN_STYLE = Automatic;
				CURRENT_PROJECT_VERSION = 1;
				DEVELOPMENT_TEAM = Z924NYN8MX;
				GENERATE_INFOPLIST_FILE = YES;
				MARKETING_VERSION = 1.0;
				PRODUCT_BUNDLE_IDENTIFIER = "com.aliamanvermez.ToDoApp-cloneUITests";
				PRODUCT_NAME = "$(TARGET_NAME)";
				SWIFT_EMIT_LOC_STRINGS = NO;
				SWIFT_VERSION = 5.0;
				TARGETED_DEVICE_FAMILY = "1,2";
				TEST_TARGET_NAME = "ToDoApp-clone";
			};
			name = Release;
		};
/* End XCBuildConfiguration section */

/* Begin XCConfigurationList section */
		EFAC6A8A29B26D9E001FC1F5 /* Build configuration list for PBXProject "ToDoApp-clone" */ = {
			isa = XCConfigurationList;
			buildConfigurations = (
				EFAC6AB629B26DA1001FC1F5 /* Debug */,
				EFAC6AB729B26DA1001FC1F5 /* Release */,
			);
			defaultConfigurationIsVisible = 0;
			defaultConfigurationName = Release;
		};
		EFAC6AB829B26DA1001FC1F5 /* Build configuration list for PBXNativeTarget "ToDoApp-clone" */ = {
			isa = XCConfigurationList;
			buildConfigurations = (
				EFAC6AB929B26DA1001FC1F5 /* Debug */,
				EFAC6ABA29B26DA1001FC1F5 /* Release */,
			);
			defaultConfigurationIsVisible = 0;
			defaultConfigurationName = Release;
		};
		EFAC6ABB29B26DA1001FC1F5 /* Build configuration list for PBXNativeTarget "ToDoApp-cloneTests" */ = {
			isa = XCConfigurationList;
			buildConfigurations = (
				EFAC6ABC29B26DA1001FC1F5 /* Debug */,
				EFAC6ABD29B26DA1001FC1F5 /* Release */,
			);
			defaultConfigurationIsVisible = 0;
			defaultConfigurationName = Release;
		};
		EFAC6ABE29B26DA1001FC1F5 /* Build configuration list for PBXNativeTarget "ToDoApp-cloneUITests" */ = {
			isa = XCConfigurationList;
			buildConfigurations = (
				EFAC6ABF29B26DA1001FC1F5 /* Debug */,
				EFAC6AC029B26DA1001FC1F5 /* Release */,
			);
			defaultConfigurationIsVisible = 0;
			defaultConfigurationName = Release;
		};
/* End XCConfigurationList section */

/* Begin XCVersionGroup section */
		EFAC6A9D29B26DA0001FC1F5 /* ToDoApp_clone.xcdatamodeld */ = {
			isa = XCVersionGroup;
			children = (
				EFAC6A9E29B26DA0001FC1F5 /* ToDoApp_clone.xcdatamodel */,
			);
			currentVersion = EFAC6A9E29B26DA0001FC1F5 /* ToDoApp_clone.xcdatamodel */;
			path = ToDoApp_clone.xcdatamodeld;
			sourceTree = "<group>";
			versionGroupType = wrapper.xcdatamodel;
		};
/* End XCVersionGroup section */
	};
	rootObject = EFAC6A8729B26D9E001FC1F5 /* Project object */;
}
